// !$*UTF8*$!
{
	archiveVersion = 1;
	classes = {
	};
	objectVersion = 46;
	objects = {

/* Begin PBXBuildFile section */
		4083E65A197AC83A006E307B /* Foundation.framework in Frameworks */ = {isa = PBXBuildFile; fileRef = 4083E659197AC83A006E307B /* Foundation.framework */; };
		4083E65C197AC83A006E307B /* CoreGraphics.framework in Frameworks */ = {isa = PBXBuildFile; fileRef = 4083E65B197AC83A006E307B /* CoreGraphics.framework */; };
		4083E65E197AC83A006E307B /* UIKit.framework in Frameworks */ = {isa = PBXBuildFile; fileRef = 4083E65D197AC83A006E307B /* UIKit.framework */; };
		4083E664197AC83A006E307B /* InfoPlist.strings in Resources */ = {isa = PBXBuildFile; fileRef = 4083E662197AC83A006E307B /* InfoPlist.strings */; };
		4083E666197AC83A006E307B /* main.m in Sources */ = {isa = PBXBuildFile; fileRef = 4083E665197AC83A006E307B /* main.m */; };
		4083E66A197AC83A006E307B /* AppDelegate.m in Sources */ = {isa = PBXBuildFile; fileRef = 4083E669197AC83A006E307B /* AppDelegate.m */; };
		4083E66D197AC83A006E307B /* Main_iPhone.storyboard in Resources */ = {isa = PBXBuildFile; fileRef = 4083E66B197AC83A006E307B /* Main_iPhone.storyboard */; };
		4083E670197AC83A006E307B /* Main_iPad.storyboard in Resources */ = {isa = PBXBuildFile; fileRef = 4083E66E197AC83A006E307B /* Main_iPad.storyboard */; };
		4083E673197AC83A006E307B /* ViewController.m in Sources */ = {isa = PBXBuildFile; fileRef = 4083E672197AC83A006E307B /* ViewController.m */; };
		4083E675197AC83A006E307B /* Images.xcassets in Resources */ = {isa = PBXBuildFile; fileRef = 4083E674197AC83A006E307B /* Images.xcassets */; };
		4083E67C197AC83A006E307B /* XCTest.framework in Frameworks */ = {isa = PBXBuildFile; fileRef = 4083E67B197AC83A006E307B /* XCTest.framework */; };
		4083E67D197AC83A006E307B /* Foundation.framework in Frameworks */ = {isa = PBXBuildFile; fileRef = 4083E659197AC83A006E307B /* Foundation.framework */; };
		4083E67E197AC83A006E307B /* UIKit.framework in Frameworks */ = {isa = PBXBuildFile; fileRef = 4083E65D197AC83A006E307B /* UIKit.framework */; };
		4083E686197AC83A006E307B /* InfoPlist.strings in Resources */ = {isa = PBXBuildFile; fileRef = 4083E684197AC83A006E307B /* InfoPlist.strings */; };
		4083E688197AC83A006E307B /* Demo_app_2Tests.m in Sources */ = {isa = PBXBuildFile; fileRef = 4083E687197AC83A006E307B /* Demo_app_2Tests.m */; };
		4083E693197AD04C006E307B /* HomeViewController.m in Sources */ = {isa = PBXBuildFile; fileRef = 4083E692197AD04C006E307B /* HomeViewController.m */; };
/* End PBXBuildFile section */

/* Begin PBXContainerItemProxy section */
		4083E67F197AC83A006E307B /* PBXContainerItemProxy */ = {
			isa = PBXContainerItemProxy;
			containerPortal = 4083E64E197AC83A006E307B /* Project object */;
			proxyType = 1;
			remoteGlobalIDString = 4083E655197AC83A006E307B;
			remoteInfo = "Demo app 2";
		};
/* End PBXContainerItemProxy section */

/* Begin PBXFileReference section */
		4083E656197AC83A006E307B /* Demo app 2.app */ = {isa = PBXFileReference; explicitFileType = wrapper.application; includeInIndex = 0; path = "Demo app 2.app"; sourceTree = BUILT_PRODUCTS_DIR; };
		4083E659197AC83A006E307B /* Foundation.framework */ = {isa = PBXFileReference; lastKnownFileType = wrapper.framework; name = Foundation.framework; path = System/Library/Frameworks/Foundation.framework; sourceTree = SDKROOT; };
		4083E65B197AC83A006E307B /* CoreGraphics.framework */ = {isa = PBXFileReference; lastKnownFileType = wrapper.framework; name = CoreGraphics.framework; path = System/Library/Frameworks/CoreGraphics.framework; sourceTree = SDKROOT; };
		4083E65D197AC83A006E307B /* UIKit.framework */ = {isa = PBXFileReference; lastKnownFileType = wrapper.framework; name = UIKit.framework; path = System/Library/Frameworks/UIKit.framework; sourceTree = SDKROOT; };
		4083E661197AC83A006E307B /* Demo app 2-Info.plist */ = {isa = PBXFileReference; lastKnownFileType = text.plist.xml; path = "Demo app 2-Info.plist"; sourceTree = "<group>"; };
		4083E663197AC83A006E307B /* en */ = {isa = PBXFileReference; lastKnownFileType = text.plist.strings; name = en; path = en.lproj/InfoPlist.strings; sourceTree = "<group>"; };
		4083E665197AC83A006E307B /* main.m */ = {isa = PBXFileReference; lastKnownFileType = sourcecode.c.objc; path = main.m; sourceTree = "<group>"; };
		4083E667197AC83A006E307B /* Demo app 2-Prefix.pch */ = {isa = PBXFileReference; lastKnownFileType = sourcecode.c.h; path = "Demo app 2-Prefix.pch"; sourceTree = "<group>"; };
		4083E668197AC83A006E307B /* AppDelegate.h */ = {isa = PBXFileReference; lastKnownFileType = sourcecode.c.h; path = AppDelegate.h; sourceTree = "<group>"; };
		4083E669197AC83A006E307B /* AppDelegate.m */ = {isa = PBXFileReference; lastKnownFileType = sourcecode.c.objc; path = AppDelegate.m; sourceTree = "<group>"; };
		4083E66C197AC83A006E307B /* Base */ = {isa = PBXFileReference; lastKnownFileType = file.storyboard; name = Base; path = Base.lproj/Main_iPhone.storyboard; sourceTree = "<group>"; };
		4083E66F197AC83A006E307B /* Base */ = {isa = PBXFileReference; lastKnownFileType = file.storyboard; name = Base; path = Base.lproj/Main_iPad.storyboard; sourceTree = "<group>"; };
		4083E671197AC83A006E307B /* ViewController.h */ = {isa = PBXFileReference; lastKnownFileType = sourcecode.c.h; path = ViewController.h; sourceTree = "<group>"; };
		4083E672197AC83A006E307B /* ViewController.m */ = {isa = PBXFileReference; lastKnownFileType = sourcecode.c.objc; path = ViewController.m; sourceTree = "<group>"; };
		4083E674197AC83A006E307B /* Images.xcassets */ = {isa = PBXFileReference; lastKnownFileType = folder.assetcatalog; path = Images.xcassets; sourceTree = "<group>"; };
		4083E67A197AC83A006E307B /* Demo app 2Tests.xctest */ = {isa = PBXFileReference; explicitFileType = wrapper.cfbundle; includeInIndex = 0; path = "Demo app 2Tests.xctest"; sourceTree = BUILT_PRODUCTS_DIR; };
		4083E67B197AC83A006E307B /* XCTest.framework */ = {isa = PBXFileReference; lastKnownFileType = wrapper.framework; name = XCTest.framework; path = Library/Frameworks/XCTest.framework; sourceTree = DEVELOPER_DIR; };
		4083E683197AC83A006E307B /* Demo app 2Tests-Info.plist */ = {isa = PBXFileReference; lastKnownFileType = text.plist.xml; path = "Demo app 2Tests-Info.plist"; sourceTree = "<group>"; };
		4083E685197AC83A006E307B /* en */ = {isa = PBXFileReference; lastKnownFileType = text.plist.strings; name = en; path = en.lproj/InfoPlist.strings; sourceTree = "<group>"; };
		4083E687197AC83A006E307B /* Demo_app_2Tests.m */ = {isa = PBXFileReference; lastKnownFileType = sourcecode.c.objc; path = Demo_app_2Tests.m; sourceTree = "<group>"; };
		4083E691197AD04C006E307B /* HomeViewController.h */ = {isa = PBXFileReference; fileEncoding = 4; lastKnownFileType = sourcecode.c.h; path = HomeViewController.h; sourceTree = "<group>"; };
		4083E692197AD04C006E307B /* HomeViewController.m */ = {isa = PBXFileReference; fileEncoding = 4; lastKnownFileType = sourcecode.c.objc; path = HomeViewController.m; sourceTree = "<group>"; };
/* End PBXFileReference section */

/* Begin PBXFrameworksBuildPhase section */
		4083E653197AC83A006E307B /* Frameworks */ = {
			isa = PBXFrameworksBuildPhase;
			buildActionMask = 2147483647;
			files = (
				4083E65C197AC83A006E307B /* CoreGraphics.framework in Frameworks */,
				4083E65E197AC83A006E307B /* UIKit.framework in Frameworks */,
				4083E65A197AC83A006E307B /* Foundation.framework in Frameworks */,
			);
			runOnlyForDeploymentPostprocessing = 0;
		};
		4083E677197AC83A006E307B /* Frameworks */ = {
			isa = PBXFrameworksBuildPhase;
			buildActionMask = 2147483647;
			files = (
				4083E67C197AC83A006E307B /* XCTest.framework in Frameworks */,
				4083E67E197AC83A006E307B /* UIKit.framework in Frameworks */,
				4083E67D197AC83A006E307B /* Foundation.framework in Frameworks */,
			);
			runOnlyForDeploymentPostprocessing = 0;
		};
/* End PBXFrameworksBuildPhase section */

/* Begin PBXGroup section */
		4083E64D197AC83A006E307B = {
			isa = PBXGroup;
			children = (
				4083E65F197AC83A006E307B /* Demo app 2 */,
				4083E681197AC83A006E307B /* Demo app 2Tests */,
				4083E658197AC83A006E307B /* Frameworks */,
				4083E657197AC83A006E307B /* Products */,
			);
			sourceTree = "<group>";
		};
		4083E657197AC83A006E307B /* Products */ = {
			isa = PBXGroup;
			children = (
				4083E656197AC83A006E307B /* Demo app 2.app */,
				4083E67A197AC83A006E307B /* Demo app 2Tests.xctest */,
			);
			name = Products;
			sourceTree = "<group>";
		};
		4083E658197AC83A006E307B /* Frameworks */ = {
			isa = PBXGroup;
			children = (
				4083E659197AC83A006E307B /* Foundation.framework */,
				4083E65B197AC83A006E307B /* CoreGraphics.framework */,
				4083E65D197AC83A006E307B /* UIKit.framework */,
				4083E67B197AC83A006E307B /* XCTest.framework */,
			);
			name = Frameworks;
			sourceTree = "<group>";
		};
		4083E65F197AC83A006E307B /* Demo app 2 */ = {
			isa = PBXGroup;
			children = (
				4083E668197AC83A006E307B /* AppDelegate.h */,
				4083E669197AC83A006E307B /* AppDelegate.m */,
				4083E66B197AC83A006E307B /* Main_iPhone.storyboard */,
				4083E691197AD04C006E307B /* HomeViewController.h */,
				4083E692197AD04C006E307B /* HomeViewController.m */,
				4083E66E197AC83A006E307B /* Main_iPad.storyboard */,
				4083E671197AC83A006E307B /* ViewController.h */,
				4083E672197AC83A006E307B /* ViewController.m */,
				4083E674197AC83A006E307B /* Images.xcassets */,
				4083E660197AC83A006E307B /* Supporting Files */,
			);
			path = "Demo app 2";
			sourceTree = "<group>";
		};
		4083E660197AC83A006E307B /* Supporting Files */ = {
			isa = PBXGroup;
			children = (
				4083E661197AC83A006E307B /* Demo app 2-Info.plist */,
				4083E662197AC83A006E307B /* InfoPlist.strings */,
				4083E665197AC83A006E307B /* main.m */,
				4083E667197AC83A006E307B /* Demo app 2-Prefix.pch */,
			);
			name = "Supporting Files";
			sourceTree = "<group>";
		};
		4083E681197AC83A006E307B /* Demo app 2Tests */ = {
			isa = PBXGroup;
			children = (
				4083E687197AC83A006E307B /* Demo_app_2Tests.m */,
				4083E682197AC83A006E307B /* Supporting Files */,
			);
			path = "Demo app 2Tests";
			sourceTree = "<group>";
		};
		4083E682197AC83A006E307B /* Supporting Files */ = {
			isa = PBXGroup;
			children = (
				4083E683197AC83A006E307B /* Demo app 2Tests-Info.plist */,
				4083E684197AC83A006E307B /* InfoPlist.strings */,
			);
			name = "Supporting Files";
			sourceTree = "<group>";
		};
/* End PBXGroup section */

/* Begin PBXNativeTarget section */
		4083E655197AC83A006E307B /* Demo app 2 */ = {
			isa = PBXNativeTarget;
			buildConfigurationList = 4083E68B197AC83A006E307B /* Build configuration list for PBXNativeTarget "Demo app 2" */;
			buildPhases = (
				4083E652197AC83A006E307B /* Sources */,
				4083E653197AC83A006E307B /* Frameworks */,
				4083E654197AC83A006E307B /* Resources */,
			);
			buildRules = (
			);
			dependencies = (
			);
			name = "Demo app 2";
			productName = "Demo app 2";
			productReference = 4083E656197AC83A006E307B /* Demo app 2.app */;
			productType = "com.apple.product-type.application";
		};
		4083E679197AC83A006E307B /* Demo app 2Tests */ = {
			isa = PBXNativeTarget;
			buildConfigurationList = 4083E68E197AC83A006E307B /* Build configuration list for PBXNativeTarget "Demo app 2Tests" */;
			buildPhases = (
				4083E676197AC83A006E307B /* Sources */,
				4083E677197AC83A006E307B /* Frameworks */,
				4083E678197AC83A006E307B /* Resources */,
			);
			buildRules = (
			);
			dependencies = (
				4083E680197AC83A006E307B /* PBXTargetDependency */,
			);
			name = "Demo app 2Tests";
			productName = "Demo app 2Tests";
			productReference = 4083E67A197AC83A006E307B /* Demo app 2Tests.xctest */;
			productType = "com.apple.product-type.bundle.unit-test";
		};
/* End PBXNativeTarget section */

/* Begin PBXProject section */
		4083E64E197AC83A006E307B /* Project object */ = {
			isa = PBXProject;
			attributes = {
				LastUpgradeCheck = 0510;
				ORGANIZATIONNAME = "Phil Sheffield";
				TargetAttributes = {
					4083E679197AC83A006E307B = {
						TestTargetID = 4083E655197AC83A006E307B;
					};
				};
			};
			buildConfigurationList = 4083E651197AC83A006E307B /* Build configuration list for PBXProject "Demo app 2" */;
			compatibilityVersion = "Xcode 3.2";
			developmentRegion = English;
			hasScannedForEncodings = 0;
			knownRegions = (
				en,
				Base,
			);
			mainGroup = 4083E64D197AC83A006E307B;
			productRefGroup = 4083E657197AC83A006E307B /* Products */;
			projectDirPath = "";
			projectRoot = "";
			targets = (
				4083E655197AC83A006E307B /* Demo app 2 */,
				4083E679197AC83A006E307B /* Demo app 2Tests */,
			);
		};
/* End PBXProject section */

/* Begin PBXResourcesBuildPhase section */
		4083E654197AC83A006E307B /* Resources */ = {
			isa = PBXResourcesBuildPhase;
			buildActionMask = 2147483647;
			files = (
				4083E670197AC83A006E307B /* Main_iPad.storyboard in Resources */,
				4083E675197AC83A006E307B /* Images.xcassets in Resources */,
				4083E66D197AC83A006E307B /* Main_iPhone.storyboard in Resources */,
				4083E664197AC83A006E307B /* InfoPlist.strings in Resources */,
			);
			runOnlyForDeploymentPostprocessing = 0;
		};
		4083E678197AC83A006E307B /* Resources */ = {
			isa = PBXResourcesBuildPhase;
			buildActionMask = 2147483647;
			files = (
				4083E686197AC83A006E307B /* InfoPlist.strings in Resources */,
			);
			runOnlyForDeploymentPostprocessing = 0;
		};
/* End PBXResourcesBuildPhase section */

/* Begin PBXSourcesBuildPhase section */
		4083E652197AC83A006E307B /* Sources */ = {
			isa = PBXSourcesBuildPhase;
			buildActionMask = 2147483647;
			files = (
				4083E673197AC83A006E307B /* ViewController.m in Sources */,
				4083E66A197AC83A006E307B /* AppDelegate.m in Sources */,
				4083E666197AC83A006E307B /* main.m in Sources */,
				4083E693197AD04C006E307B /* HomeViewController.m in Sources */,
			);
			runOnlyForDeploymentPostprocessing = 0;
		};
		4083E676197AC83A006E307B /* Sources */ = {
			isa = PBXSourcesBuildPhase;
			buildActionMask = 2147483647;
			files = (
				4083E688197AC83A006E307B /* Demo_app_2Tests.m in Sources */,
			);
			runOnlyForDeploymentPostprocessing = 0;
		};
/* End PBXSourcesBuildPhase section */

/* Begin PBXTargetDependency section */
		4083E680197AC83A006E307B /* PBXTargetDependency */ = {
			isa = PBXTargetDependency;
			target = 4083E655197AC83A006E307B /* Demo app 2 */;
			targetProxy = 4083E67F197AC83A006E307B /* PBXContainerItemProxy */;
		};
/* End PBXTargetDependency section */

/* Begin PBXVariantGroup section */
		4083E662197AC83A006E307B /* InfoPlist.strings */ = {
			isa = PBXVariantGroup;
			children = (
				4083E663197AC83A006E307B /* en */,
			);
			name = InfoPlist.strings;
			sourceTree = "<group>";
		};
		4083E66B197AC83A006E307B /* Main_iPhone.storyboard */ = {
			isa = PBXVariantGroup;
			children = (
				4083E66C197AC83A006E307B /* Base */,
			);
			name = Main_iPhone.storyboard;
			sourceTree = "<group>";
		};
		4083E66E197AC83A006E307B /* Main_iPad.storyboard */ = {
			isa = PBXVariantGroup;
			children = (
				4083E66F197AC83A006E307B /* Base */,
			);
			name = Main_iPad.storyboard;
			sourceTree = "<group>";
		};
		4083E684197AC83A006E307B /* InfoPlist.strings */ = {
			isa = PBXVariantGroup;
			children = (
				4083E685197AC83A006E307B /* en */,
			);
			name = InfoPlist.strings;
			sourceTree = "<group>";
		};
/* End PBXVariantGroup section */

/* Begin XCBuildConfiguration section */
		4083E689197AC83A006E307B /* Debug */ = {
			isa = XCBuildConfiguration;
			buildSettings = {
				ALWAYS_SEARCH_USER_PATHS = NO;
				CLANG_CXX_LANGUAGE_STANDARD = "gnu++0x";
				CLANG_CXX_LIBRARY = "libc++";
				CLANG_ENABLE_MODULES = YES;
				CLANG_ENABLE_OBJC_ARC = YES;
				CLANG_WARN_BOOL_CONVERSION = YES;
				CLANG_WARN_CONSTANT_CONVERSION = YES;
				CLANG_WARN_DIRECT_OBJC_ISA_USAGE = YES_ERROR;
				CLANG_WARN_EMPTY_BODY = YES;
				CLANG_WARN_ENUM_CONVERSION = YES;
				CLANG_WARN_INT_CONVERSION = YES;
				CLANG_WARN_OBJC_ROOT_CLASS = YES_ERROR;
				CLANG_WARN__DUPLICATE_METHOD_MATCH = YES;
				"CODE_SIGN_IDENTITY[sdk=iphoneos*]" = "iPhone Developer";
				COPY_PHASE_STRIP = NO;
				GCC_C_LANGUAGE_STANDARD = gnu99;
				GCC_DYNAMIC_NO_PIC = NO;
				GCC_OPTIMIZATION_LEVEL = 0;
				GCC_PREPROCESSOR_DEFINITIONS = (
					"DEBUG=1",
					"$(inherited)",
				);
				GCC_SYMBOLS_PRIVATE_EXTERN = NO;
				GCC_WARN_64_TO_32_BIT_CONVERSION = YES;
				GCC_WARN_ABOUT_RETURN_TYPE = YES_ERROR;
				GCC_WARN_UNDECLARED_SELECTOR = YES;
				GCC_WARN_UNINITIALIZED_AUTOS = YES_AGGRESSIVE;
				GCC_WARN_UNUSED_FUNCTION = YES;
				GCC_WARN_UNUSED_VARIABLE = YES;
				IPHONEOS_DEPLOYMENT_TARGET = 7.1;
				ONLY_ACTIVE_ARCH = YES;
				SDKROOT = iphoneos;
				TARGETED_DEVICE_FAMILY = "1,2";
			};
			name = Debug;
		};
		4083E68A197AC83A006E307B /* Release */ = {
			isa = XCBuildConfiguration;
			buildSettings = {
				ALWAYS_SEARCH_USER_PATHS = NO;
				CLANG_CXX_LANGUAGE_STANDARD = "gnu++0x";
				CLANG_CXX_LIBRARY = "libc++";
				CLANG_ENABLE_MODULES = YES;
				CLANG_ENABLE_OBJC_ARC = YES;
				CLANG_WARN_BOOL_CONVERSION = YES;
				CLANG_WARN_CONSTANT_CONVERSION = YES;
				CLANG_WARN_DIRECT_OBJC_ISA_USAGE = YES_ERROR;
				CLANG_WARN_EMPTY_BODY = YES;
				CLANG_WARN_ENUM_CONVERSION = YES;
				CLANG_WARN_INT_CONVERSION = YES;
				CLANG_WARN_OBJC_ROOT_CLASS = YES_ERROR;
				CLANG_WARN__DUPLICATE_METHOD_MATCH = YES;
				"CODE_SIGN_IDENTITY[sdk=iphoneos*]" = "iPhone Developer";
				COPY_PHASE_STRIP = YES;
				ENABLE_NS_ASSERTIONS = NO;
				GCC_C_LANGUAGE_STANDARD = gnu99;
				GCC_WARN_64_TO_32_BIT_CONVERSION = YES;
				GCC_WARN_ABOUT_RETURN_TYPE = YES_ERROR;
				GCC_WARN_UNDECLARED_SELECTOR = YES;
				GCC_WARN_UNINITIALIZED_AUTOS = YES_AGGRESSIVE;
				GCC_WARN_UNUSED_FUNCTION = YES;
				GCC_WARN_UNUSED_VARIABLE = YES;
				IPHONEOS_DEPLOYMENT_TARGET = 7.1;
				SDKROOT = iphoneos;
				TARGETED_DEVICE_FAMILY = "1,2";
				VALIDATE_PRODUCT = YES;
			};
			name = Release;
		};
		4083E68C197AC83A006E307B /* Debug */ = {
			isa = XCBuildConfiguration;
			buildSettings = {
				ASSETCATALOG_COMPILER_APPICON_NAME = AppIcon;
				ASSETCATALOG_COMPILER_LAUNCHIMAGE_NAME = LaunchImage;
				GCC_PRECOMPILE_PREFIX_HEADER = YES;
				GCC_PREFIX_HEADER = "Demo app 2/Demo app 2-Prefix.pch";
				INFOPLIST_FILE = "Demo app 2/Demo app 2-Info.plist";
				PRODUCT_NAME = "$(TARGET_NAME)";
				WRAPPER_EXTENSION = app;
			};
			name = Debug;
		};
		4083E68D197AC83A006E307B /* Release */ = {
			isa = XCBuildConfiguration;
			buildSettings = {
				ASSETCATALOG_COMPILER_APPICON_NAME = AppIcon;
				ASSETCATALOG_COMPILER_LAUNCHIMAGE_NAME = LaunchImage;
				GCC_PRECOMPILE_PREFIX_HEADER = YES;
				GCC_PREFIX_HEADER = "Demo app 2/Demo app 2-Prefix.pch";
				INFOPLIST_FILE = "Demo app 2/Demo app 2-Info.plist";
				PRODUCT_NAME = "$(TARGET_NAME)";
				WRAPPER_EXTENSION = app;
			};
			name = Release;
		};
		4083E68F197AC83A006E307B /* Debug */ = {
			isa = XCBuildConfiguration;
			buildSettings = {
				BUNDLE_LOADER = "$(BUILT_PRODUCTS_DIR)/Demo app 2.app/Demo app 2";
				FRAMEWORK_SEARCH_PATHS = (
					"$(SDKROOT)/Developer/Library/Frameworks",
					"$(inherited)",
					"$(DEVELOPER_FRAMEWORKS_DIR)",
				);
				GCC_PRECOMPILE_PREFIX_HEADER = YES;
				GCC_PREFIX_HEADER = "Demo app 2/Demo app 2-Prefix.pch";
				GCC_PREPROCESSOR_DEFINITIONS = (
					"DEBUG=1",
					"$(inherited)",
				);
				INFOPLIST_FILE = "Demo app 2Tests/Demo app 2Tests-Info.plist";
				PRODUCT_NAME = "$(TARGET_NAME)";
				TEST_HOST = "$(BUNDLE_LOADER)";
				WRAPPER_EXTENSION = xctest;
			};
			name = Debug;
		};
		4083E690197AC83A006E307B /* Release */ = {
			isa = XCBuildConfiguration;
			buildSettings = {
				BUNDLE_LOADER = "$(BUILT_PRODUCTS_DIR)/Demo app 2.app/Demo app 2";
				FRAMEWORK_SEARCH_PATHS = (
					"$(SDKROOT)/Developer/Library/Frameworks",
					"$(inherited)",
					"$(DEVELOPER_FRAMEWORKS_DIR)",
				);
				GCC_PRECOMPILE_PREFIX_HEADER = YES;
				GCC_PREFIX_HEADER = "Demo app 2/Demo app 2-Prefix.pch";
				INFOPLIST_FILE = "Demo app 2Tests/Demo app 2Tests-Info.plist";
				PRODUCT_NAME = "$(TARGET_NAME)";
				TEST_HOST = "$(BUNDLE_LOADER)";
				WRAPPER_EXTENSION = xctest;
			};
			name = Release;
		};
/* End XCBuildConfiguration section */

/* Begin XCConfigurationList section */
		4083E651197AC83A006E307B /* Build configuration list for PBXProject "Demo app 2" */ = {
			isa = XCConfigurationList;
			buildConfigurations = (
				4083E689197AC83A006E307B /* Debug */,
				4083E68A197AC83A006E307B /* Release */,
			);
			defaultConfigurationIsVisible = 0;
			defaultConfigurationName = Release;
		};
		4083E68B197AC83A006E307B /* Build configuration list for PBXNativeTarget "Demo app 2" */ = {
			isa = XCConfigurationList;
			buildConfigurations = (
				4083E68C197AC83A006E307B /* Debug */,
				4083E68D197AC83A006E307B /* Release */,
			);
			defaultConfigurationIsVisible = 0;
		};
		4083E68E197AC83A006E307B /* Build configuration list for PBXNativeTarget "Demo app 2Tests" */ = {
			isa = XCConfigurationList;
			buildConfigurations = (
				4083E68F197AC83A006E307B /* Debug */,
				4083E690197AC83A006E307B /* Release */,
			);
			defaultConfigurationIsVisible = 0;
		};
/* End XCConfigurationList section */
	};
	rootObject = 4083E64E197AC83A006E307B /* Project object */;
}
